
Microsoft Visual Studio Solution File, Format Version 12.00
# Visual Studio Version 16
VisualStudioVersion = 16.0.29424.173
MinimumVisualStudioVersion = 10.0.40219.1
Project("{FAE04EC0-301F-11D3-BF4B-00C04F79EFBC}") = "MB_Utilities", "MB_Utilities\MB_Utilities.csproj", "{F5122EBA-D39A-4265-A23A-20CCD935E7A2}"
EndProject
Global
	GlobalSection(SolutionConfigurationPlatforms) = preSolution
		Debug|Any CPU = Debug|Any CPU
		Release|Any CPU = Release|Any CPU
	EndGlobalSection
	GlobalSection(ProjectConfigurationPlatforms) = postSolution
		{F5122EBA-D39A-4265-A23A-20CCD935E7A2}.Debug|Any CPU.ActiveCfg = Debug|Any CPU
		{F5122EBA-D39A-4265-A23A-20CCD935E7A2}.Debug|Any CPU.Build.0 = Debug|Any CPU
		{F5122EBA-D39A-4265-A23A-20CCD935E7A2}.Release|Any CPU.ActiveCfg = Release|Any CPU
		{F5122EBA-D39A-4265-A23A-20CCD935E7A2}.Release|Any CPU.Build.0 = Release|Any CPU
	EndGlobalSection
	GlobalSection(SolutionProperties) = preSolution
		HideSolutionNode = FALSE
	EndGlobalSection
	GlobalSection(ExtensibilityGlobals) = postSolution
		SolutionGuid = {C21B1CA7-9F9D-47B3-B910-CA38537D8579}
	EndGlobalSection
EndGlobal
